
Microsoft Visual Studio Solution File, Format Version 12.00
# Visual Studio Version 17
VisualStudioVersion = 17.0.31903.59
MinimumVisualStudioVersion = 10.0.40219.1
Project("{FAE04EC0-301F-11D3-BF4B-00C04F79EFBC}") = "Zelvik.Audio", "Zelvik.Audio\Zelvik.Audio.csproj", "{76260489-04DF-4239-B3C6-9D7DB7F88C35}"
EndProject
Project("{FAE04EC0-301F-11D3-BF4B-00C04F79EFBC}") = "Zelvik.Discord", "Zelvik.Discord\Zelvik.Discord.csproj", "{95061664-EB05-452C-B4A8-75B86A8A042E}"
EndProject
Project("{FAE04EC0-301F-11D3-BF4B-00C04F79EFBC}") = "Zelvik.YouTube", "Zelvik.YouTube\Zelvik.YouTube.csproj", "{8ADFE2A7-8656-43DA-A7A9-2C02B1B83993}"
EndProject
Project("{FAE04EC0-301F-11D3-BF4B-00C04F79EFBC}") = "Zelvik.App", "Zelvik.App\Zelvik.App.csproj", "{F5A31C8F-022A-416E-83C0-9C06BCE000E9}"
EndProject
Project("{FAE04EC0-301F-11D3-BF4B-00C04F79EFBC}") = "Zelvik.Core", "Zelvik.Core\Zelvik.Core.csproj", "{BD0E0CAE-A68B-493C-9BEF-7D3882A7276D}"
EndProject
Project("{FAE04EC0-301F-11D3-BF4B-00C04F79EFBC}") = "Zelvik.Tests", "Zelvik.Tests\Zelvik.Tests.csproj", "{C62F04A3-66B5-4BF2-BD5E-32273A721139}"
EndProject
Global
	GlobalSection(SolutionConfigurationPlatforms) = preSolution
		Debug|Any CPU = Debug|Any CPU
		Debug|x64 = Debug|x64
		Debug|x86 = Debug|x86
		Release|Any CPU = Release|Any CPU
		Release|x64 = Release|x64
		Release|x86 = Release|x86
	EndGlobalSection
	GlobalSection(ProjectConfigurationPlatforms) = postSolution
		{76260489-04DF-4239-B3C6-9D7DB7F88C35}.Debug|Any CPU.ActiveCfg = Debug|Any CPU
		{76260489-04DF-4239-B3C6-9D7DB7F88C35}.Debug|Any CPU.Build.0 = Debug|Any CPU
		{76260489-04DF-4239-B3C6-9D7DB7F88C35}.Debug|x64.ActiveCfg = Debug|Any CPU
		{76260489-04DF-4239-B3C6-9D7DB7F88C35}.Debug|x64.Build.0 = Debug|Any CPU
		{76260489-04DF-4239-B3C6-9D7DB7F88C35}.Debug|x86.ActiveCfg = Debug|Any CPU
		{76260489-04DF-4239-B3C6-9D7DB7F88C35}.Debug|x86.Build.0 = Debug|Any CPU
		{76260489-04DF-4239-B3C6-9D7DB7F88C35}.Release|Any CPU.ActiveCfg = Release|Any CPU
		{76260489-04DF-4239-B3C6-9D7DB7F88C35}.Release|Any CPU.Build.0 = Release|Any CPU
		{76260489-04DF-4239-B3C6-9D7DB7F88C35}.Release|x64.ActiveCfg = Release|Any CPU
		{76260489-04DF-4239-B3C6-9D7DB7F88C35}.Release|x64.Build.0 = Release|Any CPU
		{76260489-04DF-4239-B3C6-9D7DB7F88C35}.Release|x86.ActiveCfg = Release|Any CPU
		{76260489-04DF-4239-B3C6-9D7DB7F88C35}.Release|x86.Build.0 = Release|Any CPU
		{95061664-EB05-452C-B4A8-75B86A8A042E}.Debug|Any CPU.ActiveCfg = Debug|Any CPU
		{95061664-EB05-452C-B4A8-75B86A8A042E}.Debug|Any CPU.Build.0 = Debug|Any CPU
		{95061664-EB05-452C-B4A8-75B86A8A042E}.Debug|x64.ActiveCfg = Debug|Any CPU
		{95061664-EB05-452C-B4A8-75B86A8A042E}.Debug|x64.Build.0 = Debug|Any CPU
		{95061664-EB05-452C-B4A8-75B86A8A042E}.Debug|x86.ActiveCfg = Debug|Any CPU
		{95061664-EB05-452C-B4A8-75B86A8A042E}.Debug|x86.Build.0 = Debug|Any CPU
		{95061664-EB05-452C-B4A8-75B86A8A042E}.Release|Any CPU.ActiveCfg = Release|Any CPU
		{95061664-EB05-452C-B4A8-75B86A8A042E}.Release|Any CPU.Build.0 = Release|Any CPU
		{95061664-EB05-452C-B4A8-75B86A8A042E}.Release|x64.ActiveCfg = Release|Any CPU
		{95061664-EB05-452C-B4A8-75B86A8A042E}.Release|x64.Build.0 = Release|Any CPU
		{95061664-EB05-452C-B4A8-75B86A8A042E}.Release|x86.ActiveCfg = Release|Any CPU
		{95061664-EB05-452C-B4A8-75B86A8A042E}.Release|x86.Build.0 = Release|Any CPU
		{8ADFE2A7-8656-43DA-A7A9-2C02B1B83993}.Debug|Any CPU.ActiveCfg = Debug|Any CPU
		{8ADFE2A7-8656-43DA-A7A9-2C02B1B83993}.Debug|Any CPU.Build.0 = Debug|Any CPU
		{8ADFE2A7-8656-43DA-A7A9-2C02B1B83993}.Debug|x64.ActiveCfg = Debug|Any CPU
		{8ADFE2A7-8656-43DA-A7A9-2C02B1B83993}.Debug|x64.Build.0 = Debug|Any CPU
		{8ADFE2A7-8656-43DA-A7A9-2C02B1B83993}.Debug|x86.ActiveCfg = Debug|Any CPU
		{8ADFE2A7-8656-43DA-A7A9-2C02B1B83993}.Debug|x86.Build.0 = Debug|Any CPU
		{8ADFE2A7-8656-43DA-A7A9-2C02B1B83993}.Release|Any CPU.ActiveCfg = Release|Any CPU
		{8ADFE2A7-8656-43DA-A7A9-2C02B1B83993}.Release|Any CPU.Build.0 = Release|Any CPU
		{8ADFE2A7-8656-43DA-A7A9-2C02B1B83993}.Release|x64.ActiveCfg = Release|Any CPU
		{8ADFE2A7-8656-43DA-A7A9-2C02B1B83993}.Release|x64.Build.0 = Release|Any CPU
		{8ADFE2A7-8656-43DA-A7A9-2C02B1B83993}.Release|x86.ActiveCfg = Release|Any CPU
		{8ADFE2A7-8656-43DA-A7A9-2C02B1B83993}.Release|x86.Build.0 = Release|Any CPU
		{F5A31C8F-022A-416E-83C0-9C06BCE000E9}.Debug|Any CPU.ActiveCfg = Debug|Any CPU
		{F5A31C8F-022A-416E-83C0-9C06BCE000E9}.Debug|Any CPU.Build.0 = Debug|Any CPU
		{F5A31C8F-022A-416E-83C0-9C06BCE000E9}.Debug|x64.ActiveCfg = Debug|Any CPU
		{F5A31C8F-022A-416E-83C0-9C06BCE000E9}.Debug|x64.Build.0 = Debug|Any CPU
		{F5A31C8F-022A-416E-83C0-9C06BCE000E9}.Debug|x86.ActiveCfg = Debug|Any CPU
		{F5A31C8F-022A-416E-83C0-9C06BCE000E9}.Debug|x86.Build.0 = Debug|Any CPU
		{F5A31C8F-022A-416E-83C0-9C06BCE000E9}.Release|Any CPU.ActiveCfg = Release|Any CPU
		{F5A31C8F-022A-416E-83C0-9C06BCE000E9}.Release|Any CPU.Build.0 = Release|Any CPU
		{F5A31C8F-022A-416E-83C0-9C06BCE000E9}.Release|x64.ActiveCfg = Release|Any CPU
		{F5A31C8F-022A-416E-83C0-9C06BCE000E9}.Release|x64.Build.0 = Release|Any CPU
		{F5A31C8F-022A-416E-83C0-9C06BCE000E9}.Release|x86.ActiveCfg = Release|Any CPU
		{F5A31C8F-022A-416E-83C0-9C06BCE000E9}.Release|x86.Build.0 = Release|Any CPU
		{BD0E0CAE-A68B-493C-9BEF-7D3882A7276D}.Debug|Any CPU.ActiveCfg = Debug|Any CPU
		{BD0E0CAE-A68B-493C-9BEF-7D3882A7276D}.Debug|Any CPU.Build.0 = Debug|Any CPU
		{BD0E0CAE-A68B-493C-9BEF-7D3882A7276D}.Debug|x64.ActiveCfg = Debug|Any CPU
		{BD0E0CAE-A68B-493C-9BEF-7D3882A7276D}.Debug|x64.Build.0 = Debug|Any CPU
		{BD0E0CAE-A68B-493C-9BEF-7D3882A7276D}.Debug|x86.ActiveCfg = Debug|Any CPU
		{BD0E0CAE-A68B-493C-9BEF-7D3882A7276D}.Debug|x86.Build.0 = Debug|Any CPU
		{BD0E0CAE-A68B-493C-9BEF-7D3882A7276D}.Release|Any CPU.ActiveCfg = Release|Any CPU
		{BD0E0CAE-A68B-493C-9BEF-7D3882A7276D}.Release|Any CPU.Build.0 = Release|Any CPU
		{BD0E0CAE-A68B-493C-9BEF-7D3882A7276D}.Release|x64.ActiveCfg = Release|Any CPU
		{BD0E0CAE-A68B-493C-9BEF-7D3882A7276D}.Release|x64.Build.0 = Release|Any CPU
		{BD0E0CAE-A68B-493C-9BEF-7D3882A7276D}.Release|x86.ActiveCfg = Release|Any CPU
		{BD0E0CAE-A68B-493C-9BEF-7D3882A7276D}.Release|x86.Build.0 = Release|Any CPU
		{C62F04A3-66B5-4BF2-BD5E-32273A721139}.Debug|Any CPU.ActiveCfg = Debug|Any CPU
		{C62F04A3-66B5-4BF2-BD5E-32273A721139}.Debug|Any CPU.Build.0 = Debug|Any CPU
		{C62F04A3-66B5-4BF2-BD5E-32273A721139}.Debug|x64.ActiveCfg = Debug|Any CPU
		{C62F04A3-66B5-4BF2-BD5E-32273A721139}.Debug|x64.Build.0 = Debug|Any CPU
		{C62F04A3-66B5-4BF2-BD5E-32273A721139}.Debug|x86.ActiveCfg = Debug|Any CPU
		{C62F04A3-66B5-4BF2-BD5E-32273A721139}.Debug|x86.Build.0 = Debug|Any CPU
		{C62F04A3-66B5-4BF2-BD5E-32273A721139}.Release|Any CPU.ActiveCfg = Release|Any CPU
		{C62F04A3-66B5-4BF2-BD5E-32273A721139}.Release|Any CPU.Build.0 = Release|Any CPU
		{C62F04A3-66B5-4BF2-BD5E-32273A721139}.Release|x64.ActiveCfg = Release|Any CPU
		{C62F04A3-66B5-4BF2-BD5E-32273A721139}.Release|x64.Build.0 = Release|Any CPU
		{C62F04A3-66B5-4BF2-BD5E-32273A721139}.Release|x86.ActiveCfg = Release|Any CPU
		{C62F04A3-66B5-4BF2-BD5E-32273A721139}.Release|x86.Build.0 = Release|Any CPU
	EndGlobalSection
	GlobalSection(SolutionProperties) = preSolution
		HideSolutionNode = FALSE
	EndGlobalSection
EndGlobal
